
Microsoft Visual Studio Solution File, Format Version 12.00
# Visual Studio Version 17
VisualStudioVersion = 17.2.32630.192
MinimumVisualStudioVersion = 10.0.40219.1
Project("{FAE04EC0-301F-11D3-BF4B-00C04F79EFBC}") = "EntityFrameworkQueries", "EntityFrameworkQueries\EntityFrameworkQueries.csproj", "{643DD11D-1AF0-48FF-92BA-F4879A8B32E4}"
EndProject
Global
	GlobalSection(SolutionConfigurationPlatforms) = preSolution
		Debug|Any CPU = Debug|Any CPU
		Release|Any CPU = Release|Any CPU
	EndGlobalSection
	GlobalSection(ProjectConfigurationPlatforms) = postSolution
		{643DD11D-1AF0-48FF-92BA-F4879A8B32E4}.Debug|Any CPU.ActiveCfg = Debug|Any CPU
		{643DD11D-1AF0-48FF-92BA-F4879A8B32E4}.Debug|Any CPU.Build.0 = Debug|Any CPU
		{643DD11D-1AF0-48FF-92BA-F4879A8B32E4}.Release|Any CPU.ActiveCfg = Release|Any CPU
		{643DD11D-1AF0-48FF-92BA-F4879A8B32E4}.Release|Any CPU.Build.0 = Release|Any CPU
	EndGlobalSection
	GlobalSection(SolutionProperties) = preSolution
		HideSolutionNode = FALSE
	EndGlobalSection
	GlobalSection(ExtensibilityGlobals) = postSolution
		SolutionGuid = {59BD0F86-928A-4DBC-918C-958E49E9C0C4}
	EndGlobalSection
EndGlobal
